{
  "name": "js",
  "lockfileVersion": 2,
  "requires": true,
  "packages": {
    "": {
      "dependencies": {
        "bootstrap4-notify": "^4.0.3",
        "sweetalert2": "^11.4.17"
      }
    },
    "node_modules/bootstrap4-notify": {
      "version": "4.0.3",
      "resolved": "https://registry.npmjs.org/bootstrap4-notify/-/bootstrap4-notify-4.0.3.tgz",
      "integrity": "sha512-WopJYixeH22gbGswC57pLODS5sY9grNlb/Uu7C8mrWm1NRxz64n4FrfCILaOX3n4egoZ54J7kGB6Anl5AiZSqA=="
    },
    "node_modules/sweetalert2": {
      "version": "11.4.17",
      "resolved": "https://registry.npmjs.org/sweetalert2/-/sweetalert2-11.4.17.tgz",
      "integrity": "sha512-z0iQW5fDdvtoDNle3iHTKunsuNWgPaMifVu0GPtdguR0uVPrvg9gg9bnSQeJ4tx3C7FwJOEnRshxrs6fFItRvw==",
      "funding": {
        "type": "individual",
        "url": "https://sweetalert2.github.io/#donations"
      }
    }
  },
  "dependencies": {
    "bootstrap4-notify": {
      "version": "4.0.3",
      "resolved": "https://registry.npmjs.org/bootstrap4-notify/-/bootstrap4-notify-4.0.3.tgz",
      "integrity": "sha512-WopJYixeH22gbGswC57pLODS5sY9grNlb/Uu7C8mrWm1NRxz64n4FrfCILaOX3n4egoZ54J7kGB6Anl5AiZSqA=="
    },
    "sweetalert2": {
      "version": "11.4.17",
      "resolved": "https://registry.npmjs.org/sweetalert2/-/sweetalert2-11.4.17.tgz",
      "integrity": "sha512-z0iQW5fDdvtoDNle3iHTKunsuNWgPaMifVu0GPtdguR0uVPrvg9gg9bnSQeJ4tx3C7FwJOEnRshxrs6fFItRvw=="
    }
  }
}
